
Microsoft Visual Studio Solution File, Format Version 11.00
# Visual C# Express 2010
Project("{FAE04EC0-301F-11D3-BF4B-00C04F79EFBC}") = "mMedicine Plus", "mMedicine Plus\mMedicine Plus.csproj", "{0282D4FC-3DF9-45FB-A4DE-3475AA346793}"
EndProject
Global
	GlobalSection(SolutionConfigurationPlatforms) = preSolution
		Debug|x86 = Debug|x86
		Release|x86 = Release|x86
	EndGlobalSection
	GlobalSection(ProjectConfigurationPlatforms) = postSolution
		{0282D4FC-3DF9-45FB-A4DE-3475AA346793}.Debug|x86.ActiveCfg = Debug|x86
		{0282D4FC-3DF9-45FB-A4DE-3475AA346793}.Debug|x86.Build.0 = Debug|x86
		{0282D4FC-3DF9-45FB-A4DE-3475AA346793}.Release|x86.ActiveCfg = Release|x86
		{0282D4FC-3DF9-45FB-A4DE-3475AA346793}.Release|x86.Build.0 = Release|x86
	EndGlobalSection
	GlobalSection(SolutionProperties) = preSolution
		HideSolutionNode = FALSE
	EndGlobalSection
EndGlobal
